
Microsoft Visual Studio Solution File, Format Version 12.00
# Visual Studio Version 17
VisualStudioVersion = 17.3.32804.467
MinimumVisualStudioVersion = 10.0.40219.1
Project("{FAE04EC0-301F-11D3-BF4B-00C04F79EFBC}") = "JWTBasedAuth.Apis", "JWTBasedAuth.Apis\JWTBasedAuth.Apis.csproj", "{A9479E07-36A1-4328-B8E3-7C97CE838E8C}"
EndProject
Global
	GlobalSection(SolutionConfigurationPlatforms) = preSolution
		Debug|Any CPU = Debug|Any CPU
		Release|Any CPU = Release|Any CPU
	EndGlobalSection
	GlobalSection(ProjectConfigurationPlatforms) = postSolution
		{A9479E07-36A1-4328-B8E3-7C97CE838E8C}.Debug|Any CPU.ActiveCfg = Debug|Any CPU
		{A9479E07-36A1-4328-B8E3-7C97CE838E8C}.Debug|Any CPU.Build.0 = Debug|Any CPU
		{A9479E07-36A1-4328-B8E3-7C97CE838E8C}.Release|Any CPU.ActiveCfg = Release|Any CPU
		{A9479E07-36A1-4328-B8E3-7C97CE838E8C}.Release|Any CPU.Build.0 = Release|Any CPU
	EndGlobalSection
	GlobalSection(SolutionProperties) = preSolution
		HideSolutionNode = FALSE
	EndGlobalSection
	GlobalSection(ExtensibilityGlobals) = postSolution
		SolutionGuid = {7D1FBF20-FE6A-4495-9B64-5B791E2CDE62}
	EndGlobalSection
EndGlobal
